
Microsoft Visual Studio Solution File, Format Version 12.00
# Visual Studio 15
VisualStudioVersion = 15.0.28307.1433
MinimumVisualStudioVersion = 10.0.40219.1
Project("{FAE04EC0-301F-11D3-BF4B-00C04F79EFBC}") = "TestDAL", "TestDAL\TestDAL.csproj", "{5583018F-A635-4CA9-B6B9-EF0F9246D9B2}"
EndProject
Project("{FAE04EC0-301F-11D3-BF4B-00C04F79EFBC}") = "DAL", "DAL\DAL.csproj", "{DDB6D62B-BD12-482B-9E8D-DE89301B1DD5}"
EndProject
Global
	GlobalSection(SolutionConfigurationPlatforms) = preSolution
		Debug|Any CPU = Debug|Any CPU
		Release|Any CPU = Release|Any CPU
	EndGlobalSection
	GlobalSection(ProjectConfigurationPlatforms) = postSolution
		{5583018F-A635-4CA9-B6B9-EF0F9246D9B2}.Debug|Any CPU.ActiveCfg = Debug|Any CPU
		{5583018F-A635-4CA9-B6B9-EF0F9246D9B2}.Debug|Any CPU.Build.0 = Debug|Any CPU
		{5583018F-A635-4CA9-B6B9-EF0F9246D9B2}.Release|Any CPU.ActiveCfg = Release|Any CPU
		{5583018F-A635-4CA9-B6B9-EF0F9246D9B2}.Release|Any CPU.Build.0 = Release|Any CPU
		{DDB6D62B-BD12-482B-9E8D-DE89301B1DD5}.Debug|Any CPU.ActiveCfg = Debug|Any CPU
		{DDB6D62B-BD12-482B-9E8D-DE89301B1DD5}.Debug|Any CPU.Build.0 = Debug|Any CPU
		{DDB6D62B-BD12-482B-9E8D-DE89301B1DD5}.Release|Any CPU.ActiveCfg = Release|Any CPU
		{DDB6D62B-BD12-482B-9E8D-DE89301B1DD5}.Release|Any CPU.Build.0 = Release|Any CPU
	EndGlobalSection
	GlobalSection(SolutionProperties) = preSolution
		HideSolutionNode = FALSE
	EndGlobalSection
	GlobalSection(ExtensibilityGlobals) = postSolution
		SolutionGuid = {BD024B5B-F39E-4CE3-8972-F1C400B75380}
	EndGlobalSection
EndGlobal
